
Microsoft Visual Studio Solution File, Format Version 12.00
# Visual Studio Version 17
VisualStudioVersion = 17.11.35327.3
MinimumVisualStudioVersion = 10.0.40219.1
Project("{FAE04EC0-301F-11D3-BF4B-00C04F79EFBC}") = "WebAndroidApi", "WebAndroidApi\WebAndroidApi.csproj", "{60C8C3AE-C9B2-447E-8A5F-2C0E8B7BBEAD}"
EndProject
Global
	GlobalSection(SolutionConfigurationPlatforms) = preSolution
		Debug|Any CPU = Debug|Any CPU
		Release|Any CPU = Release|Any CPU
	EndGlobalSection
	GlobalSection(ProjectConfigurationPlatforms) = postSolution
		{60C8C3AE-C9B2-447E-8A5F-2C0E8B7BBEAD}.Debug|Any CPU.ActiveCfg = Debug|Any CPU
		{60C8C3AE-C9B2-447E-8A5F-2C0E8B7BBEAD}.Debug|Any CPU.Build.0 = Debug|Any CPU
		{60C8C3AE-C9B2-447E-8A5F-2C0E8B7BBEAD}.Release|Any CPU.ActiveCfg = Release|Any CPU
		{60C8C3AE-C9B2-447E-8A5F-2C0E8B7BBEAD}.Release|Any CPU.Build.0 = Release|Any CPU
	EndGlobalSection
	GlobalSection(SolutionProperties) = preSolution
		HideSolutionNode = FALSE
	EndGlobalSection
	GlobalSection(ExtensibilityGlobals) = postSolution
		SolutionGuid = {57FEE022-0F7D-46B9-A0F8-3AC9AA3B1FE6}
	EndGlobalSection
EndGlobal
